
Microsoft Visual Studio Solution File, Format Version 12.00
# Visual Studio Version 16
VisualStudioVersion = 16.0.30002.166
MinimumVisualStudioVersion = 10.0.40219.1
Project("{FAE04EC0-301F-11D3-BF4B-00C04F79EFBC}") = "Endeavour", "Endeavour\Endeavour.csproj", "{83AE6ECD-288A-4F2E-AE0F-FA3643FDF437}"
	ProjectSection(ProjectDependencies) = postProject
		{1531C1EA-BD53-41D1-A34B-CFCDF79D2651} = {1531C1EA-BD53-41D1-A34B-CFCDF79D2651}
	EndProjectSection
EndProject
Project("{FAE04EC0-301F-11D3-BF4B-00C04F79EFBC}") = "Priority Queue", "Endeavour\Priority Queue\Priority Queue.csproj", "{1531C1EA-BD53-41D1-A34B-CFCDF79D2651}"
EndProject
Global
	GlobalSection(SolutionConfigurationPlatforms) = preSolution
		Debug|Any CPU = Debug|Any CPU
		Release 2.0|Any CPU = Release 2.0|Any CPU
		Release 4.5|Any CPU = Release 4.5|Any CPU
		Release|Any CPU = Release|Any CPU
	EndGlobalSection
	GlobalSection(ProjectConfigurationPlatforms) = postSolution
		{83AE6ECD-288A-4F2E-AE0F-FA3643FDF437}.Debug|Any CPU.ActiveCfg = Debug|Any CPU
		{83AE6ECD-288A-4F2E-AE0F-FA3643FDF437}.Debug|Any CPU.Build.0 = Debug|Any CPU
		{83AE6ECD-288A-4F2E-AE0F-FA3643FDF437}.Release 2.0|Any CPU.ActiveCfg = Release|Any CPU
		{83AE6ECD-288A-4F2E-AE0F-FA3643FDF437}.Release 2.0|Any CPU.Build.0 = Release|Any CPU
		{83AE6ECD-288A-4F2E-AE0F-FA3643FDF437}.Release 4.5|Any CPU.ActiveCfg = Release|Any CPU
		{83AE6ECD-288A-4F2E-AE0F-FA3643FDF437}.Release 4.5|Any CPU.Build.0 = Release|Any CPU
		{83AE6ECD-288A-4F2E-AE0F-FA3643FDF437}.Release|Any CPU.ActiveCfg = Release|Any CPU
		{83AE6ECD-288A-4F2E-AE0F-FA3643FDF437}.Release|Any CPU.Build.0 = Release|Any CPU
		{1531C1EA-BD53-41D1-A34B-CFCDF79D2651}.Debug|Any CPU.ActiveCfg = Debug|Any CPU
		{1531C1EA-BD53-41D1-A34B-CFCDF79D2651}.Debug|Any CPU.Build.0 = Debug|Any CPU
		{1531C1EA-BD53-41D1-A34B-CFCDF79D2651}.Release 2.0|Any CPU.ActiveCfg = Release 2.0|Any CPU
		{1531C1EA-BD53-41D1-A34B-CFCDF79D2651}.Release 2.0|Any CPU.Build.0 = Release 2.0|Any CPU
		{1531C1EA-BD53-41D1-A34B-CFCDF79D2651}.Release 4.5|Any CPU.ActiveCfg = Release 4.5|Any CPU
		{1531C1EA-BD53-41D1-A34B-CFCDF79D2651}.Release 4.5|Any CPU.Build.0 = Release 4.5|Any CPU
		{1531C1EA-BD53-41D1-A34B-CFCDF79D2651}.Release|Any CPU.ActiveCfg = Release|Any CPU
		{1531C1EA-BD53-41D1-A34B-CFCDF79D2651}.Release|Any CPU.Build.0 = Release|Any CPU
	EndGlobalSection
	GlobalSection(SolutionProperties) = preSolution
		HideSolutionNode = FALSE
	EndGlobalSection
	GlobalSection(ExtensibilityGlobals) = postSolution
		SolutionGuid = {F69322FF-0DF8-4E86-9FAD-2D6D6ACD8647}
	EndGlobalSection
EndGlobal
